
Microsoft Visual Studio Solution File, Format Version 12.00
# Visual Studio Version 16
VisualStudioVersion = 16.0.30621.155
MinimumVisualStudioVersion = 10.0.40219.1
Project("{9A19103F-16F7-4668-BE54-9A1E7A4F7556}") = "GrpcPoc.PersonService", "GrpcPoc.PersonService\GrpcPoc.PersonService.csproj", "{7CE64A5E-A8A2-4C69-8919-6F6C125CCAF3}"
EndProject
Project("{9A19103F-16F7-4668-BE54-9A1E7A4F7556}") = "GrpcPoc.Entities", "GrpcPoc.Entities\GrpcPoc.Entities.csproj", "{FC2F87A6-AAF0-45E5-A1D2-62B243344577}"
EndProject
Project("{9A19103F-16F7-4668-BE54-9A1E7A4F7556}") = "GrpcPoc.Api", "GrpcPoc.Api\GrpcPoc.Api.csproj", "{06BBD58B-E32C-4036-8556-D23844BDCE5C}"
EndProject
Global
	GlobalSection(SolutionConfigurationPlatforms) = preSolution
		Debug|Any CPU = Debug|Any CPU
		Release|Any CPU = Release|Any CPU
	EndGlobalSection
	GlobalSection(ProjectConfigurationPlatforms) = postSolution
		{7CE64A5E-A8A2-4C69-8919-6F6C125CCAF3}.Debug|Any CPU.ActiveCfg = Debug|Any CPU
		{7CE64A5E-A8A2-4C69-8919-6F6C125CCAF3}.Debug|Any CPU.Build.0 = Debug|Any CPU
		{7CE64A5E-A8A2-4C69-8919-6F6C125CCAF3}.Release|Any CPU.ActiveCfg = Release|Any CPU
		{7CE64A5E-A8A2-4C69-8919-6F6C125CCAF3}.Release|Any CPU.Build.0 = Release|Any CPU
		{FC2F87A6-AAF0-45E5-A1D2-62B243344577}.Debug|Any CPU.ActiveCfg = Debug|Any CPU
		{FC2F87A6-AAF0-45E5-A1D2-62B243344577}.Debug|Any CPU.Build.0 = Debug|Any CPU
		{FC2F87A6-AAF0-45E5-A1D2-62B243344577}.Release|Any CPU.ActiveCfg = Release|Any CPU
		{FC2F87A6-AAF0-45E5-A1D2-62B243344577}.Release|Any CPU.Build.0 = Release|Any CPU
		{06BBD58B-E32C-4036-8556-D23844BDCE5C}.Debug|Any CPU.ActiveCfg = Debug|Any CPU
		{06BBD58B-E32C-4036-8556-D23844BDCE5C}.Debug|Any CPU.Build.0 = Debug|Any CPU
		{06BBD58B-E32C-4036-8556-D23844BDCE5C}.Release|Any CPU.ActiveCfg = Release|Any CPU
		{06BBD58B-E32C-4036-8556-D23844BDCE5C}.Release|Any CPU.Build.0 = Release|Any CPU
	EndGlobalSection
	GlobalSection(SolutionProperties) = preSolution
		HideSolutionNode = FALSE
	EndGlobalSection
	GlobalSection(ExtensibilityGlobals) = postSolution
		SolutionGuid = {ECA569D7-458D-41B1-BF58-F4268085D185}
	EndGlobalSection
EndGlobal
